dependencies:
- name: kube-prometheus-stack
  repository: ""
  version: 75.6.0
- name: cognigy-monitors
  repository: ""
  version: 0.1.0
- name: cognigy-dashboards
  repository: ""
  version: 0.6.0
- name: cognigy-alerts
  repository: ""
  version: 0.1.0
- name: prometheus-msteams
  repository: ""
  version: 1.3.3
- name: cadvisor
  repository: ""
  version: 2.3.3
digest: sha256:29fac022c237f6138d9b5ebf5f3401dc27c1cc74f33f737deb801b3410796375
generated: "2025-06-27T10:00:11.614891+02:00"
