dependencies:
- name: kube-prometheus-stack
  repository: ""
  version: 75.6.0
- name: cognigy-monitors
  repository: ""
  version: 0.1.0
- name: cognigy-dashboards
  repository: ""
  version: 0.7.0
- name: cognigy-alerts
  repository: ""
  version: 0.2.0
- name: prometheus-msteams
  repository: ""
  version: 1.3.3
- name: cadvisor
  repository: ""
  version: 2.3.3
- name: promitor-agent-resource-discovery
  repository: ""
  version: 0.15.0
- name: promitor-agent-scraper
  repository: ""
  version: 2.15.0
digest: sha256:eb42becb4451d37c5ecae6b274509ba64b89dd3aeb1ca8ee409df73cce413eb7
generated: "2026-07-03T11:04:03.214127+02:00"
