dependencies:
- name: crds
  repository: ""
  version: 0.0.0
- name: kube-state-metrics
  repository: https://prometheus-community.github.io/helm-charts
  version: 6.0.0
- name: prometheus-node-exporter
  repository: https://prometheus-community.github.io/helm-charts
  version: 4.47.0
- name: grafana
  repository: https://grafana-community.github.io/helm-charts
  version: 12.4.7
- name: prometheus-windows-exporter
  repository: https://prometheus-community.github.io/helm-charts
  version: 0.10.3
digest: sha256:872d380a37c7246cb78a7cc9b04e79bd982211a518dedf95f47492c05d8a4a4c
generated: "2026-06-19T10:57:51.033141+02:00"
