dependencies:
- name: kube-state-metrics
  repository: https://prometheus-community.github.io/helm-charts
  version: 5.14.0
- name: prometheus-node-exporter
  repository: https://prometheus-community.github.io/helm-charts
  version: 4.4.2
- name: grafana
  repository: https://grafana.github.io/helm-charts
  version: 7.3.8
digest: sha256:a88b279f08f75982cccd85f5d5af009136cb92c9b88db2549927bd05582a0427
generated: "2024-04-15T11:53:23.300113+02:00"
